<Solution>
  <Project Path="src/MangaManagementSystem.API/MangaManagementSystem.API.csproj" />
  <Project Path="src/MangaManagementSystem.Application/MangaManagementSystem.Application.csproj" />
  <Project Path="src/MangaManagementSystem.Domain/MangaManagementSystem.Domain.csproj" />
  <Project Path="src/MangaManagementSystem.Infrastructure/MangaManagementSystem.Infrastructure.csproj" />
  <Project Path="src/MangaManagementSystem.Web/MangaManagementSystem.Web.csproj" Id="680cc25f-c939-448e-8401-fca2f0b314b2" />
  <Project Path="src/MangaManagementSystem.WpfMini/MangaManagementSystem.WpfMini.csproj" />
</Solution>
